version = 1
revision = 3
requires-python = ">=3.13"

[[package]]
name = "colorama"
version = "0.4.6"
source = { registry = "https://pypi.org/simple" }
sdist = { url = "https://files.pythonhosted.org/packages/d8/53/6f443c9a4a8358a93a6792e2acffb9d9d5cb0a5cfd8802644b7b1c9a02e4/colorama-0.4.6.tar.gz", hash = "sha256:08695f5cb7ed6e0531a20572697297273c47b8cae5a63ffc6d6ed5c201be6e44", size = 27697, upload-time = "2022-10-25T02:36:22.414Z" }
wheels = [
    { url = "https://files.pythonhosted.org/packages/d1/d6/3965ed04c63042e047cb6a3e6ed1a63a35087b6a609aa3a15ed8ac56c221/colorama-0.4.6-py2.py3-none-any.whl", hash = "sha256:4f1d9991f5acc0ca119f9d443620b77f9d6b33703e51011c16baf57afb285fc6", size = 25335, upload-time = "2022-10-25T02:36:20.889Z" },
]

[[package]]
name = "llvmlite"
version = "0.49.0"
source = { registry = "https://pypi.org/simple" }
sdist = { url = "https://files.pythonhosted.org/packages/43/27/72ae94ea5c8f7349ec1c229d4cd058feb799cbd0833ad6d1b47c919b37b7/llvmlite-0.49.0.tar.gz", hash = "sha256:00f16db782f4a13c78c5804aedc434e46794a77e89999a168f9401106270e50a", size = 194467, upload-time = "2026-08-11T16:26:00.489Z" }
wheels = [
    { url = "https://files.pythonhosted.org/packages/7d/85/0b536a3c59f2636d9dd51dda832b6c1d0ffec37608429dedf128664918f1/llvmlite-0.49.0-cp313-cp313-macosx_12_0_arm64.whl", hash = "sha256:039fa4054a06f537fb39248d4472284ca96be311a142ec09e69f95630ab469cc", size = 40479230, upload-time = "2026-08-11T16:24:27.295Z" },
    { url = "https://files.pythonhosted.org/packages/8e/1c/ca8ba47b057b793099784475499771780ec46839f2782f753a7079d23520/llvmlite-0.49.0-cp313-cp313-manylinux2014_x86_64.manylinux_2_17_x86_64.whl", hash = "sha256:ddc7aecd4f56397ed6e8f120ec5dcd5a1a8f0e6032ca4af413462792d4dca2e3", size = 59890659, upload-time = "2026-08-11T16:24:35.595Z" },
    { url = "https://files.pythonhosted.org/packages/de/af/9526dfdd33a923f33e29a18b8f9801ee7ee4b7397e88d28192c1024c4a75/llvmlite-0.49.0-cp313-cp313-manylinux_2_27_aarch64.manylinux_2_28_aarch64.whl", hash = "sha256:d3dee64784201b64c13a8df62c48a4f4218858faaa65889866bb29bdc243c038", size = 58344482, upload-time = "2026-08-11T16:24:45.79Z" },
    { url = "https://files.pythonhosted.org/packages/96/7f/9f5afcf6476b228d6b170408f377a0c4f91477fc1fc91f8141088b45bf46/llvmlite-0.49.0-cp313-cp313-win_amd64.whl", hash = "sha256:a1b414dc6b164738ec39dd8987cea73829057b7dd92fc6d91b52838385fc1dd2", size = 41865544, upload-time = "2026-08-11T16:24:53.962Z" },
    { url = "https://files.pythonhosted.org/packages/25/d1/16599b8c9f21802448059482eab48a9e74086dc56b901a677ba355565e64/llvmlite-0.49.0-cp314-cp314-macosx_12_0_arm64.whl", hash = "sha256:80a84683d04516bb51da1bbeebddaf2c2f558809c93078a8f91807909ae331f8", size = 40479230, upload-time = "2026-08-11T16:25:01.513Z" },
    { url = "https://files.pythonhosted.org/packages/3a/61/0b23849141a4c4e7091fcd158ebb45195896974bebca3e58fee7cad4b4f4/llvmlite-0.49.0-cp314-cp314-manylinux2014_x86_64.manylinux_2_17_x86_64.whl", hash = "sha256:4281a0171d66d2098adce4ba706b8c550b1b10718650f682d64cde16e84e4de5", size = 59890659, upload-time = "2026-08-11T16:25:08.733Z" },
    { url = "https://files.pythonhosted.org/packages/c4/92/628692b74b31e27af9ba7e8ba651941ee4956959d5478123c453f59aad4a/llvmlite-0.49.0-cp314-cp314-manylinux_2_27_aarch64.manylinux_2_28_aarch64.whl", hash = "sha256:b095f15fb12c4d90495df5b1a3772b4732cc408398b204a787dbedd370e09c69", size = 58344479, upload-time = "2026-08-11T16:25:15.731Z" },
    { url = "https://files.pythonhosted.org/packages/96/8a/412fc273521b02cbfe0b5f8ad56cc696385f6eaeecdb9e9ae6a90111d98d/llvmlite-0.49.0-cp314-cp314-win_amd64.whl", hash = "sha256:294e2f0b70aef8f92d0ae7b203e2609f08beb39437eee73de59a21669331aae9", size = 42986588, upload-time = "2026-08-11T16:25:22.534Z" },
    { url = "https://files.pythonhosted.org/packages/fc/15/f47cf45c00c8b165ac3d268502dcb21d900e86f27fd338268a66ce922ab0/llvmlite-0.49.0-cp314-cp314-win_arm64.whl", hash = "sha256:95d1071023ed858b79f6971954fd7cc1f5dbcbab987718a4ccbe1411e47d0b81", size = 37441881, upload-time = "2026-08-11T16:25:28.324Z" },
    { url = "https://files.pythonhosted.org/packages/e8/2e/eafd488766d1c02413cba24f7b22acb9b3ccdfd8407e98d30eb16bac4e2a/llvmlite-0.49.0-cp314-cp314t-macosx_12_0_arm64.whl", hash = "sha256:f3f2ff0aeb17d34fcce9f79b99baac441cfd3efa41b83e233ca4530a72381f72", size = 40479230, upload-time = "2026-08-11T16:25:35.125Z" },
    { url = "https://files.pythonhosted.org/packages/98/07/a2c4f04e2111ccc274b4d5e3331398a9dcf6d6e5e55d6444b1ad9d6381cf/llvmlite-0.49.0-cp314-cp314t-manylinux2014_x86_64.manylinux_2_17_x86_64.whl", hash = "sha256:d5555ea1d63928481cbf7fcb1d67452b216c7e5b393a4eb7aa1401e67f2a4fc4", size = 59890658, upload-time = "2026-08-11T16:25:43.294Z" },
    { url = "https://files.pythonhosted.org/packages/80/f9/7b7b50f80b4585bcd78675ff3110c256877b11df32a8cde284f851762f57/llvmlite-0.49.0-cp314-cp314t-manylinux_2_27_aarch64.manylinux_2_28_aarch64.whl", hash = "sha256:e32adb84fdaae28aeb86fdb6253084ee707ee157289a2e98fe3caf48a62bee82", size = 58344482, upload-time = "2026-08-11T16:25:51.527Z" },
    { url = "https://files.pythonhosted.org/packages/d8/c6/32d68bfbf1d0c36888530ef6fd72864861af23dc546302b41033471a8c3a/llvmlite-0.49.0-cp314-cp314t-win_amd64.whl", hash = "sha256:be637e465010bc9c50f070468f7f1cf5385e92fee364d192dd5e6cea790ecba9", size = 42986602, upload-time = "2026-08-11T16:25:57.69Z" },
]

[[package]]
name = "nscript"
version = "0.1.0"
source = { editable = "." }
dependencies = [
    { name = "colorama" },
    { name = "llvmlite" },
]

[package.metadata]
requires-dist = [
    { name = "colorama", specifier = ">=0.4.6" },
    { name = "llvmlite", specifier = ">=0.49.0" },
]
